
Microsoft Visual Studio Solution File, Format Version 12.00
# Visual Studio Version 16
VisualStudioVersion = 16.0.29123.88
MinimumVisualStudioVersion = 10.0.40219.1
Project("{FAE04EC0-301F-11D3-BF4B-00C04F79EFBC}") = "Vidly", "Vidly\Vidly.csproj", "{9703C0A7-F7E0-4FD5-8660-DC359D0B0BDF}"
EndProject
Global
	GlobalSection(SolutionConfigurationPlatforms) = preSolution
		Debug|Any CPU = Debug|Any CPU
		Release|Any CPU = Release|Any CPU
	EndGlobalSection
	GlobalSection(ProjectConfigurationPlatforms) = postSolution
		{9703C0A7-F7E0-4FD5-8660-DC359D0B0BDF}.Debug|Any CPU.ActiveCfg = Debug|Any CPU
		{9703C0A7-F7E0-4FD5-8660-DC359D0B0BDF}.Debug|Any CPU.Build.0 = Debug|Any CPU
		{9703C0A7-F7E0-4FD5-8660-DC359D0B0BDF}.Release|Any CPU.ActiveCfg = Release|Any CPU
		{9703C0A7-F7E0-4FD5-8660-DC359D0B0BDF}.Release|Any CPU.Build.0 = Release|Any CPU
	EndGlobalSection
	GlobalSection(SolutionProperties) = preSolution
		HideSolutionNode = FALSE
	EndGlobalSection
	GlobalSection(ExtensibilityGlobals) = postSolution
		SolutionGuid = {2A251401-A869-46D2-AF16-90D5E583E6A0}
	EndGlobalSection
EndGlobal
